// !$*UTF8*$!
{
	archiveVersion = 1;
	classes = {
	};
	objectVersion = 50;
	objects = {

/* Begin PBXBuildFile section */
		DE13BF7724868F8400D22D4C /* AppDelegate.swift in Sources */ = {isa = PBXBuildFile; fileRef = DE13BF7624868F8400D22D4C /* AppDelegate.swift */; };
		DE13BF7924868F8400D22D4C /* SceneDelegate.swift in Sources */ = {isa = PBXBuildFile; fileRef = DE13BF7824868F8400D22D4C /* SceneDelegate.swift */; };
		DE13BF7B24868F8400D22D4C /* ViewController.swift in Sources */ = {isa = PBXBuildFile; fileRef = DE13BF7A24868F8400D22D4C /* ViewController.swift */; };
		DE13BF7E24868F8400D22D4C /* Main.storyboard in Resources */ = {isa = PBXBuildFile; fileRef = DE13BF7C24868F8400D22D4C /* Main.storyboard */; };
		DE13BF8024868F8600D22D4C /* Assets.xcassets in Resources */ = {isa = PBXBuildFile; fileRef = DE13BF7F24868F8600D22D4C /* Assets.xcassets */; };
		DE13BF8324868F8600D22D4C /* LaunchScreen.storyboard in Resources */ = {isa = PBXBuildFile; fileRef = DE13BF8124868F8600D22D4C /* LaunchScreen.storyboard */; };
		DE13BF8D248690A900D22D4C /* PodCastViewModel.swift in Sources */ = {isa = PBXBuildFile; fileRef = DE13BF8C248690A900D22D4C /* PodCastViewModel.swift */; };
		DE13BF8F248690DD00D22D4C /* PodCast.swift in Sources */ = {isa = PBXBuildFile; fileRef = DE13BF8E248690DD00D22D4C /* PodCast.swift */; };
/* End PBXBuildFile section */

/* Begin PBXFileReference section */
		DE13BF7324868F8400D22D4C /* PodCast_TableView_0602.app */ = {isa = PBXFileReference; explicitFileType = wrapper.application; includeInIndex = 0; path = PodCast_TableView_0602.app; sourceTree = BUILT_PRODUCTS_DIR; };
		DE13BF7624868F8400D22D4C /* AppDelegate.swift */ = {isa = PBXFileReference; lastKnownFileType = sourcecode.swift; path = AppDelegate.swift; sourceTree = "<group>"; };
		DE13BF7824868F8400D22D4C /* SceneDelegate.swift */ = {isa = PBXFileReference; lastKnownFileType = sourcecode.swift; path = SceneDelegate.swift; sourceTree = "<group>"; };
		DE13BF7A24868F8400D22D4C /* ViewController.swift */ = {isa = PBXFileReference; lastKnownFileType = sourcecode.swift; path = ViewController.swift; sourceTree = "<group>"; };
		DE13BF7D24868F8400D22D4C /* Base */ = {isa = PBXFileReference; lastKnownFileType = file.storyboard; name = Base; path = Base.lproj/Main.storyboard; sourceTree = "<group>"; };
		DE13BF7F24868F8600D22D4C /* Assets.xcassets */ = {isa = PBXFileReference; lastKnownFileType = folder.assetcatalog; path = Assets.xcassets; sourceTree = "<group>"; };
		DE13BF8224868F8600D22D4C /* Base */ = {isa = PBXFileReference; lastKnownFileType = file.storyboard; name = Base; path = Base.lproj/LaunchScreen.storyboard; sourceTree = "<group>"; };
		DE13BF8424868F8600D22D4C /* Info.plist */ = {isa = PBXFileReference; lastKnownFileType = text.plist.xml; path = Info.plist; sourceTree = "<group>"; };
		DE13BF8C248690A900D22D4C /* PodCastViewModel.swift */ = {isa = PBXFileReference; lastKnownFileType = sourcecode.swift; path = PodCastViewModel.swift; sourceTree = "<group>"; };
		DE13BF8E248690DD00D22D4C /* PodCast.swift */ = {isa = PBXFileReference; lastKnownFileType = sourcecode.swift; path = PodCast.swift; sourceTree = "<group>"; };
/* End PBXFileReference section */

/* Begin PBXFrameworksBuildPhase section */
		DE13BF7024868F8400D22D4C /* Frameworks */ = {
			isa = PBXFrameworksBuildPhase;
			buildActionMask = 2147483647;
			files = (
			);
			runOnlyForDeploymentPostprocessing = 0;
		};
/* End PBXFrameworksBuildPhase section */

/* Begin PBXGroup section */
		DE13BF6A24868F8400D22D4C = {
			isa = PBXGroup;
			children = (
				DE13BF7524868F8400D22D4C /* PodCast_TableView_0602 */,
				DE13BF7424868F8400D22D4C /* Products */,
			);
			sourceTree = "<group>";
		};
		DE13BF7424868F8400D22D4C /* Products */ = {
			isa = PBXGroup;
			children = (
				DE13BF7324868F8400D22D4C /* PodCast_TableView_0602.app */,
			);
			name = Products;
			sourceTree = "<group>";
		};
		DE13BF7524868F8400D22D4C /* PodCast_TableView_0602 */ = {
			isa = PBXGroup;
			children = (
				DE13BF8B2486904C00D22D4C /* Models */,
				DE13BF8A2486902C00D22D4C /* ViewModels */,
				DE13BF7624868F8400D22D4C /* AppDelegate.swift */,
				DE13BF7824868F8400D22D4C /* SceneDelegate.swift */,
				DE13BF7A24868F8400D22D4C /* ViewController.swift */,
				DE13BF7C24868F8400D22D4C /* Main.storyboard */,
				DE13BF7F24868F8600D22D4C /* Assets.xcassets */,
				DE13BF8124868F8600D22D4C /* LaunchScreen.storyboard */,
				DE13BF8424868F8600D22D4C /* Info.plist */,
			);
			path = PodCast_TableView_0602;
			sourceTree = "<group>";
		};
		DE13BF8A2486902C00D22D4C /* ViewModels */ = {
			isa = PBXGroup;
			children = (
				DE13BF8C248690A900D22D4C /* PodCastViewModel.swift */,
			);
			path = ViewModels;
			sourceTree = "<group>";
		};
		DE13BF8B2486904C00D22D4C /* Models */ = {
			isa = PBXGroup;
			children = (
				DE13BF8E248690DD00D22D4C /* PodCast.swift */,
			);
			path = Models;
			sourceTree = "<group>";
		};
/* End PBXGroup section */

/* Begin PBXNativeTarget section */
		DE13BF7224868F8400D22D4C /* PodCast_TableView_0602 */ = {
			isa = PBXNativeTarget;
			buildConfigurationList = DE13BF8724868F8600D22D4C /* Build configuration list for PBXNativeTarget "PodCast_TableView_0602" */;
			buildPhases = (
				DE13BF6F24868F8400D22D4C /* Sources */,
				DE13BF7024868F8400D22D4C /* Frameworks */,
				DE13BF7124868F8400D22D4C /* Resources */,
			);
			buildRules = (
			);
			dependencies = (
			);
			name = PodCast_TableView_0602;
			productName = PodCast_TableView_0602;
			productReference = DE13BF7324868F8400D22D4C /* PodCast_TableView_0602.app */;
			productType = "com.apple.product-type.application";
		};
/* End PBXNativeTarget section */

/* Begin PBXProject section */
		DE13BF6B24868F8400D22D4C /* Project object */ = {
			isa = PBXProject;
			attributes = {
				LastSwiftUpdateCheck = 1150;
				LastUpgradeCheck = 1150;
				ORGANIZATIONNAME = "김믿음";
				TargetAttributes = {
					DE13BF7224868F8400D22D4C = {
						CreatedOnToolsVersion = 11.5;
					};
				};
			};
			buildConfigurationList = DE13BF6E24868F8400D22D4C /* Build configuration list for PBXProject "PodCast_TableView_0602" */;
			compatibilityVersion = "Xcode 9.3";
			developmentRegion = en;
			hasScannedForEncodings = 0;
			knownRegions = (
				en,
				Base,
			);
			mainGroup = DE13BF6A24868F8400D22D4C;
			productRefGroup = DE13BF7424868F8400D22D4C /* Products */;
			projectDirPath = "";
			projectRoot = "";
			targets = (
				DE13BF7224868F8400D22D4C /* PodCast_TableView_0602 */,
			);
		};
/* End PBXProject section */

/* Begin PBXResourcesBuildPhase section */
		DE13BF7124868F8400D22D4C /* Resources */ = {
			isa = PBXResourcesBuildPhase;
			buildActionMask = 2147483647;
			files = (
				DE13BF8324868F8600D22D4C /* LaunchScreen.storyboard in Resources */,
				DE13BF8024868F8600D22D4C /* Assets.xcassets in Resources */,
				DE13BF7E24868F8400D22D4C /* Main.storyboard in Resources */,
			);
			runOnlyForDeploymentPostprocessing = 0;
		};
/* End PBXResourcesBuildPhase section */

/* Begin PBXSourcesBuildPhase section */
		DE13BF6F24868F8400D22D4C /* Sources */ = {
			isa = PBXSourcesBuildPhase;
			buildActionMask = 2147483647;
			files = (
				DE13BF8F248690DD00D22D4C /* PodCast.swift in Sources */,
				DE13BF7B24868F8400D22D4C /* ViewController.swift in Sources */,
				DE13BF7724868F8400D22D4C /* AppDelegate.swift in Sources */,
				DE13BF7924868F8400D22D4C /* SceneDelegate.swift in Sources */,
				DE13BF8D248690A900D22D4C /* PodCastViewModel.swift in Sources */,
			);
			runOnlyForDeploymentPostprocessing = 0;
		};
/* End PBXSourcesBuildPhase section */

/* Begin PBXVariantGroup section */
		DE13BF7C24868F8400D22D4C /* Main.storyboard */ = {
			isa = PBXVariantGroup;
			children = (
				DE13BF7D24868F8400D22D4C /* Base */,
			);
			name = Main.storyboard;
			sourceTree = "<group>";
		};
		DE13BF8124868F8600D22D4C /* LaunchScreen.storyboard */ = {
			isa = PBXVariantGroup;
			children = (
				DE13BF8224868F8600D22D4C /* Base */,
			);
			name = LaunchScreen.storyboard;
			sourceTree = "<group>";
		};
/* End PBXVariantGroup section */

/* Begin XCBuildConfiguration section */
		DE13BF8524868F8600D22D4C /* Debug */ = {
			isa = XCBuildConfiguration;
			buildSettings = {
				ALWAYS_SEARCH_USER_PATHS = NO;
				CLANG_ANALYZER_NONNULL = YES;
				CLANG_ANALYZER_NUMBER_OBJECT_CONVERSION = YES_AGGRESSIVE;
				CLANG_CXX_LANGUAGE_STANDARD = "gnu++14";
				CLANG_CXX_LIBRARY = "libc++";
				CLANG_ENABLE_MODULES = YES;
				CLANG_ENABLE_OBJC_ARC = YES;
				CLANG_ENABLE_OBJC_WEAK = YES;
				CLANG_WARN_BLOCK_CAPTURE_AUTORELEASING = YES;
				CLANG_WARN_BOOL_CONVERSION = YES;
				CLANG_WARN_COMMA = YES;
				CLANG_WARN_CONSTANT_CONVERSION = YES;
				CLANG_WARN_DEPRECATED_OBJC_IMPLEMENTATIONS = YES;
				CLANG_WARN_DIRECT_OBJC_ISA_USAGE = YES_ERROR;
				CLANG_WARN_DOCUMENTATION_COMMENTS = YES;
				CLANG_WARN_EMPTY_BODY = YES;
				CLANG_WARN_ENUM_CONVERSION = YES;
				CLANG_WARN_INFINITE_RECURSION = YES;
				CLANG_WARN_INT_CONVERSION = YES;
				CLANG_WARN_NON_LITERAL_NULL_CONVERSION = YES;
				CLANG_WARN_OBJC_IMPLICIT_RETAIN_SELF = YES;
				CLANG_WARN_OBJC_LITERAL_CONVERSION = YES;
				CLANG_WARN_OBJC_ROOT_CLASS = YES_ERROR;
				CLANG_WARN_RANGE_LOOP_ANALYSIS = YES;
				CLANG_WARN_STRICT_PROTOTYPES = YES;
				CLANG_WARN_SUSPICIOUS_MOVE = YES;
				CLANG_WARN_UNGUARDED_AVAILABILITY = YES_AGGRESSIVE;
				CLANG_WARN_UNREACHABLE_CODE = YES;
				CLANG_WARN__DUPLICATE_METHOD_MATCH = YES;
				COPY_PHASE_STRIP = NO;
				DEBUG_INFORMATION_FORMAT = dwarf;
				ENABLE_STRICT_OBJC_MSGSEND = YES;
				ENABLE_TESTABILITY = YES;
				GCC_C_LANGUAGE_STANDARD = gnu11;
				GCC_DYNAMIC_NO_PIC = NO;
				GCC_NO_COMMON_BLOCKS = YES;
				GCC_OPTIMIZATION_LEVEL = 0;
				GCC_PREPROCESSOR_DEFINITIONS = (
					"DEBUG=1",
					"$(inherited)",
				);
				GCC_WARN_64_TO_32_BIT_CONVERSION = YES;
				GCC_WARN_ABOUT_RETURN_TYPE = YES_ERROR;
				GCC_WARN_UNDECLARED_SELECTOR = YES;
				GCC_WARN_UNINITIALIZED_AUTOS = YES_AGGRESSIVE;
				GCC_WARN_UNUSED_FUNCTION = YES;
				GCC_WARN_UNUSED_VARIABLE = YES;
				IPHONEOS_DEPLOYMENT_TARGET = 13.5;
				MTL_ENABLE_DEBUG_INFO = INCLUDE_SOURCE;
				MTL_FAST_MATH = YES;
				ONLY_ACTIVE_ARCH = YES;
				SDKROOT = iphoneos;
				SWIFT_ACTIVE_COMPILATION_CONDITIONS = DEBUG;
				SWIFT_OPTIMIZATION_LEVEL = "-Onone";
			};
			name = Debug;
		};
		DE13BF8624868F8600D22D4C /* Release */ = {
			isa = XCBuildConfiguration;
			buildSettings = {
				ALWAYS_SEARCH_USER_PATHS = NO;
				CLANG_ANALYZER_NONNULL = YES;
				CLANG_ANALYZER_NUMBER_OBJECT_CONVERSION = YES_AGGRESSIVE;
				CLANG_CXX_LANGUAGE_STANDARD = "gnu++14";
				CLANG_CXX_LIBRARY = "libc++";
				CLANG_ENABLE_MODULES = YES;
				CLANG_ENABLE_OBJC_ARC = YES;
				CLANG_ENABLE_OBJC_WEAK = YES;
				CLANG_WARN_BLOCK_CAPTURE_AUTORELEASING = YES;
				CLANG_WARN_BOOL_CONVERSION = YES;
				CLANG_WARN_COMMA = YES;
				CLANG_WARN_CONSTANT_CONVERSION = YES;
				CLANG_WARN_DEPRECATED_OBJC_IMPLEMENTATIONS = YES;
				CLANG_WARN_DIRECT_OBJC_ISA_USAGE = YES_ERROR;
				CLANG_WARN_DOCUMENTATION_COMMENTS = YES;
				CLANG_WARN_EMPTY_BODY = YES;
				CLANG_WARN_ENUM_CONVERSION = YES;
				CLANG_WARN_INFINITE_RECURSION = YES;
				CLANG_WARN_INT_CONVERSION = YES;
				CLANG_WARN_NON_LITERAL_NULL_CONVERSION = YES;
				CLANG_WARN_OBJC_IMPLICIT_RETAIN_SELF = YES;
				CLANG_WARN_OBJC_LITERAL_CONVERSION = YES;
				CLANG_WARN_OBJC_ROOT_CLASS = YES_ERROR;
				CLANG_WARN_RANGE_LOOP_ANALYSIS = YES;
				CLANG_WARN_STRICT_PROTOTYPES = YES;
				CLANG_WARN_SUSPICIOUS_MOVE = YES;
				CLANG_WARN_UNGUARDED_AVAILABILITY = YES_AGGRESSIVE;
				CLANG_WARN_UNREACHABLE_CODE = YES;
				CLANG_WARN__DUPLICATE_METHOD_MATCH = YES;
				COPY_PHASE_STRIP = NO;
				DEBUG_INFORMATION_FORMAT = "dwarf-with-dsym";
				ENABLE_NS_ASSERTIONS = NO;
				ENABLE_STRICT_OBJC_MSGSEND = YES;
				GCC_C_LANGUAGE_STANDARD = gnu11;
				GCC_NO_COMMON_BLOCKS = YES;
				GCC_WARN_64_TO_32_BIT_CONVERSION = YES;
				GCC_WARN_ABOUT_RETURN_TYPE = YES_ERROR;
				GCC_WARN_UNDECLARED_SELECTOR = YES;
				GCC_WARN_UNINITIALIZED_AUTOS = YES_AGGRESSIVE;
				GCC_WARN_UNUSED_FUNCTION = YES;
				GCC_WARN_UNUSED_VARIABLE = YES;
				IPHONEOS_DEPLOYMENT_TARGET = 13.5;
				MTL_ENABLE_DEBUG_INFO = NO;
				MTL_FAST_MATH = YES;
				SDKROOT = iphoneos;
				SWIFT_COMPILATION_MODE = wholemodule;
				SWIFT_OPTIMIZATION_LEVEL = "-O";
				VALIDATE_PRODUCT = YES;
			};
			name = Release;
		};
		DE13BF8824868F8600D22D4C /* Debug */ = {
			isa = XCBuildConfiguration;
			buildSettings = {
				ASSETCATALOG_COMPILER_APPICON_NAME = AppIcon;
				CODE_SIGN_STYLE = Automatic;
				INFOPLIST_FILE = PodCast_TableView_0602/Info.plist;
				LD_RUNPATH_SEARCH_PATHS = (
					"$(inherited)",
					"@executable_path/Frameworks",
				);
				PRODUCT_BUNDLE_IDENTIFIER = "kr.example.midum.PodCast-TableView-0602";
				PRODUCT_NAME = "$(TARGET_NAME)";
				SWIFT_VERSION = 5.0;
				TARGETED_DEVICE_FAMILY = "1,2";
			};
			name = Debug;
		};
		DE13BF8924868F8600D22D4C /* Release */ = {
			isa = XCBuildConfiguration;
			buildSettings = {
				ASSETCATALOG_COMPILER_APPICON_NAME = AppIcon;
				CODE_SIGN_STYLE = Automatic;
				INFOPLIST_FILE = PodCast_TableView_0602/Info.plist;
				LD_RUNPATH_SEARCH_PATHS = (
					"$(inherited)",
					"@executable_path/Frameworks",
				);
				PRODUCT_BUNDLE_IDENTIFIER = "kr.example.midum.PodCast-TableView-0602";
				PRODUCT_NAME = "$(TARGET_NAME)";
				SWIFT_VERSION = 5.0;
				TARGETED_DEVICE_FAMILY = "1,2";
			};
			name = Release;
		};
/* End XCBuildConfiguration section */

/* Begin XCConfigurationList section */
		DE13BF6E24868F8400D22D4C /* Build configuration list for PBXProject "PodCast_TableView_0602" */ = {
			isa = XCConfigurationList;
			buildConfigurations = (
				DE13BF8524868F8600D22D4C /* Debug */,
				DE13BF8624868F8600D22D4C /* Release */,
			);
			defaultConfigurationIsVisible = 0;
			defaultConfigurationName = Release;
		};
		DE13BF8724868F8600D22D4C /* Build configuration list for PBXNativeTarget "PodCast_TableView_0602" */ = {
			isa = XCConfigurationList;
			buildConfigurations = (
				DE13BF8824868F8600D22D4C /* Debug */,
				DE13BF8924868F8600D22D4C /* Release */,
			);
			defaultConfigurationIsVisible = 0;
			defaultConfigurationName = Release;
		};
/* End XCConfigurationList section */
	};
	rootObject = DE13BF6B24868F8400D22D4C /* Project object */;
}
